
Microsoft Visual Studio Solution File, Format Version 11.00
# Visual Studio 2010
Project("{FAE04EC0-301F-11D3-BF4B-00C04F79EFBC}") = "CntlmUI", "CntlmUI\CntlmUI.csproj", "{91D02A0E-B92B-4013-8866-E53A14531BBC}"
EndProject
Global
	GlobalSection(SolutionConfigurationPlatforms) = preSolution
		Debug|Any CPU = Debug|Any CPU
		Debug|x86 = Debug|x86
		Release|Any CPU = Release|Any CPU
		Release|x86 = Release|x86
	EndGlobalSection
	GlobalSection(ProjectConfigurationPlatforms) = postSolution
		{91D02A0E-B92B-4013-8866-E53A14531BBC}.Debug|Any CPU.ActiveCfg = Debug|Any CPU
		{91D02A0E-B92B-4013-8866-E53A14531BBC}.Debug|Any CPU.Build.0 = Debug|Any CPU
		{91D02A0E-B92B-4013-8866-E53A14531BBC}.Debug|x86.ActiveCfg = Debug|Any CPU
		{91D02A0E-B92B-4013-8866-E53A14531BBC}.Debug|x86.Build.0 = Debug|Any CPU
		{91D02A0E-B92B-4013-8866-E53A14531BBC}.Release|Any CPU.ActiveCfg = Release|Any CPU
		{91D02A0E-B92B-4013-8866-E53A14531BBC}.Release|Any CPU.Build.0 = Release|Any CPU
		{91D02A0E-B92B-4013-8866-E53A14531BBC}.Release|x86.ActiveCfg = Release|Any CPU
		{91D02A0E-B92B-4013-8866-E53A14531BBC}.Release|x86.Build.0 = Release|Any CPU
	EndGlobalSection
	GlobalSection(SolutionProperties) = preSolution
		HideSolutionNode = FALSE
	EndGlobalSection
EndGlobal
